
Microsoft Visual Studio Solution File, Format Version 12.00
# Visual Studio Version 16
VisualStudioVersion = 16.0.31515.178
MinimumVisualStudioVersion = 10.0.40219.1
Project("{FAE04EC0-301F-11D3-BF4B-00C04F79EFBC}") = "A2v10.Core.Sample", "A2v10.Core.Sample.csproj", "{FC229598-1747-45E8-A0F8-38D43A636DBF}"
EndProject
Global
	GlobalSection(SolutionConfigurationPlatforms) = preSolution
		Debug|Any CPU = Debug|Any CPU
		Release|Any CPU = Release|Any CPU
	EndGlobalSection
	GlobalSection(ProjectConfigurationPlatforms) = postSolution
		{FC229598-1747-45E8-A0F8-38D43A636DBF}.Debug|Any CPU.ActiveCfg = Debug|Any CPU
		{FC229598-1747-45E8-A0F8-38D43A636DBF}.Debug|Any CPU.Build.0 = Debug|Any CPU
		{FC229598-1747-45E8-A0F8-38D43A636DBF}.Release|Any CPU.ActiveCfg = Release|Any CPU
		{FC229598-1747-45E8-A0F8-38D43A636DBF}.Release|Any CPU.Build.0 = Release|Any CPU
	EndGlobalSection
	GlobalSection(SolutionProperties) = preSolution
		HideSolutionNode = FALSE
	EndGlobalSection
	GlobalSection(ExtensibilityGlobals) = postSolution
		SolutionGuid = {A7320345-93AF-49AC-82EE-B3AE81FA82B3}
	EndGlobalSection
EndGlobal
